
Microsoft Visual Studio Solution File, Format Version 12.00
# Visual Studio 15
VisualStudioVersion = 15.0.26228.9
MinimumVisualStudioVersion = 10.0.40219.1
Project("{FAE04EC0-301F-11D3-BF4B-00C04F79EFBC}") = "MediaPlayer", "MediaPlayer\MediaPlayer.csproj", "{AFF319F3-32E1-4636-865E-F43AC339219E}"
EndProject
Project("{FAE04EC0-301F-11D3-BF4B-00C04F79EFBC}") = "MediaPlayer.BusinessEntities", "MediaPlayer.BusinessEntities\MediaPlayer.BusinessEntities.csproj", "{1EF2F39D-44CB-45B8-AFD7-47AB178FD91A}"
EndProject
Project("{FAE04EC0-301F-11D3-BF4B-00C04F79EFBC}") = "MediaPlayer.Generic", "MediaPlayer.Generic\MediaPlayer.Generic.csproj", "{817AFF3F-E5E4-40CD-963D-55248AE5961D}"
EndProject
Project("{FAE04EC0-301F-11D3-BF4B-00C04F79EFBC}") = "MediaPlayer.Converters", "MediaPlayer.Converters\MediaPlayer.Converters.csproj", "{FB2E4F6C-09A8-4143-A0C0-75693B951F7F}"
EndProject
Project("{FAE04EC0-301F-11D3-BF4B-00C04F79EFBC}") = "MediaPlayer.ApplicationSettings", "MediaPlayer.ApplicationSettings\MediaPlayer.ApplicationSettings.csproj", "{C7FE2C80-1DA2-4676-B778-49439D31E475}"
EndProject
Project("{FAE04EC0-301F-11D3-BF4B-00C04F79EFBC}") = "MediaPlayer.Common", "MediaPlayer.Common\MediaPlayer.Common.csproj", "{78242237-ECF6-4144-A726-07412F1E3FAE}"
EndProject
Global
	GlobalSection(SolutionConfigurationPlatforms) = preSolution
		Debug|Any CPU = Debug|Any CPU
		Release|Any CPU = Release|Any CPU
	EndGlobalSection
	GlobalSection(ProjectConfigurationPlatforms) = postSolution
		{AFF319F3-32E1-4636-865E-F43AC339219E}.Debug|Any CPU.ActiveCfg = Debug|Any CPU
		{AFF319F3-32E1-4636-865E-F43AC339219E}.Debug|Any CPU.Build.0 = Debug|Any CPU
		{AFF319F3-32E1-4636-865E-F43AC339219E}.Release|Any CPU.ActiveCfg = Release|Any CPU
		{AFF319F3-32E1-4636-865E-F43AC339219E}.Release|Any CPU.Build.0 = Release|Any CPU
		{1EF2F39D-44CB-45B8-AFD7-47AB178FD91A}.Debug|Any CPU.ActiveCfg = Debug|Any CPU
		{1EF2F39D-44CB-45B8-AFD7-47AB178FD91A}.Debug|Any CPU.Build.0 = Debug|Any CPU
		{1EF2F39D-44CB-45B8-AFD7-47AB178FD91A}.Release|Any CPU.ActiveCfg = Release|Any CPU
		{1EF2F39D-44CB-45B8-AFD7-47AB178FD91A}.Release|Any CPU.Build.0 = Release|Any CPU
		{817AFF3F-E5E4-40CD-963D-55248AE5961D}.Debug|Any CPU.ActiveCfg = Debug|Any CPU
		{817AFF3F-E5E4-40CD-963D-55248AE5961D}.Debug|Any CPU.Build.0 = Debug|Any CPU
		{817AFF3F-E5E4-40CD-963D-55248AE5961D}.Release|Any CPU.ActiveCfg = Release|Any CPU
		{817AFF3F-E5E4-40CD-963D-55248AE5961D}.Release|Any CPU.Build.0 = Release|Any CPU
		{FB2E4F6C-09A8-4143-A0C0-75693B951F7F}.Debug|Any CPU.ActiveCfg = Debug|Any CPU
		{FB2E4F6C-09A8-4143-A0C0-75693B951F7F}.Debug|Any CPU.Build.0 = Debug|Any CPU
		{FB2E4F6C-09A8-4143-A0C0-75693B951F7F}.Release|Any CPU.ActiveCfg = Release|Any CPU
		{FB2E4F6C-09A8-4143-A0C0-75693B951F7F}.Release|Any CPU.Build.0 = Release|Any CPU
		{C7FE2C80-1DA2-4676-B778-49439D31E475}.Debug|Any CPU.ActiveCfg = Debug|Any CPU
		{C7FE2C80-1DA2-4676-B778-49439D31E475}.Debug|Any CPU.Build.0 = Debug|Any CPU
		{C7FE2C80-1DA2-4676-B778-49439D31E475}.Release|Any CPU.ActiveCfg = Release|Any CPU
		{C7FE2C80-1DA2-4676-B778-49439D31E475}.Release|Any CPU.Build.0 = Release|Any CPU
		{78242237-ECF6-4144-A726-07412F1E3FAE}.Debug|Any CPU.ActiveCfg = Debug|Any CPU
		{78242237-ECF6-4144-A726-07412F1E3FAE}.Debug|Any CPU.Build.0 = Debug|Any CPU
		{78242237-ECF6-4144-A726-07412F1E3FAE}.Release|Any CPU.ActiveCfg = Release|Any CPU
		{78242237-ECF6-4144-A726-07412F1E3FAE}.Release|Any CPU.Build.0 = Release|Any CPU
	EndGlobalSection
	GlobalSection(SolutionProperties) = preSolution
		HideSolutionNode = FALSE
	EndGlobalSection
	GlobalSection(ExtensibilityGlobals) = postSolution
		SolutionGuid = {2A89013D-0D79-4FA5-A6B7-06E79F20A905}
	EndGlobalSection
EndGlobal
