
Microsoft Visual Studio Solution File, Format Version 12.00
# Visual Studio Version 17
VisualStudioVersion = 17.1.32421.90
MinimumVisualStudioVersion = 10.0.40219.1
Project("{9A19103F-16F7-4668-BE54-9A1E7A4F7556}") = "MediaPlayer.View", "MediaPlayer.View\MediaPlayer.View.csproj", "{AFF319F3-32E1-4636-865E-F43AC339219E}"
EndProject
Project("{2150E333-8FDC-42A3-9474-1A3956D46DE8}") = "Settings", "Settings", "{07AD01A1-A10F-4040-AA31-6D756EF149E1}"
EndProject
Project("{2150E333-8FDC-42A3-9474-1A3956D46DE8}") = "Generic", "Generic", "{A1CFB51A-5183-4CF8-9132-150F86A8C2A6}"
EndProject
Project("{2150E333-8FDC-42A3-9474-1A3956D46DE8}") = "Common", "Common", "{DADD99B1-DA69-4003-BD72-2EA866FCD344}"
EndProject
Project("{9A19103F-16F7-4668-BE54-9A1E7A4F7556}") = "MediaPlayer.Shell", "MediaPlayer.Shell\MediaPlayer.Shell.csproj", "{6F3E2B99-20AA-4185-BEDB-37AA838244D2}"
EndProject
Project("{9A19103F-16F7-4668-BE54-9A1E7A4F7556}") = "MediaPlayer.Model", "MediaPlayer.Model\MediaPlayer.Model.csproj", "{E20FBC08-C9C1-40E1-96B5-020115A06E52}"
EndProject
Project("{9A19103F-16F7-4668-BE54-9A1E7A4F7556}") = "MediaPlayer.ViewModel", "MediaPlayer.ViewModel\MediaPlayer.ViewModel.csproj", "{C112CD31-5FD7-4E45-AD5F-DFC2E357FB9E}"
EndProject
Project("{2150E333-8FDC-42A3-9474-1A3956D46DE8}") = "MVVM", "MVVM", "{1DFE55F1-29A8-4A37-9B52-9CC5545C6512}"
EndProject
Project("{9A19103F-16F7-4668-BE54-9A1E7A4F7556}") = "MediaPlayer.Theming", "MediaPlayer.ThemeSelector\MediaPlayer.Theming.csproj", "{055D9499-2AE0-4C6D-B6C6-A79DF8112E74}"
EndProject
Project("{9A19103F-16F7-4668-BE54-9A1E7A4F7556}") = "MediaPlayer.Common", "MediaPlayer.Common\MediaPlayer.Common.csproj", "{210A1E95-A8F3-4DE2-84D4-4950C9ECAE5B}"
EndProject
Project("{9A19103F-16F7-4668-BE54-9A1E7A4F7556}") = "MediaPlayer.Settings", "MediaPlayer.Settings\MediaPlayer.Settings.csproj", "{BF7C8403-1538-454B-92F3-8E53E90245F7}"
EndProject
Project("{9A19103F-16F7-4668-BE54-9A1E7A4F7556}") = "Generic", "Generic\Generic.csproj", "{1AA7279F-AFBF-4197-AE1A-F47A7F40AFFE}"
EndProject
Project("{2150E333-8FDC-42A3-9474-1A3956D46DE8}") = "Solution Items", "Solution Items", "{EEBA5DAB-B772-4CA4-945D-498075DAF661}"
	ProjectSection(SolutionItems) = preProject
		.editorconfig = .editorconfig
	EndProjectSection
EndProject
Global
	GlobalSection(SolutionConfigurationPlatforms) = preSolution
		Debug|Any CPU = Debug|Any CPU
		Release|Any CPU = Release|Any CPU
	EndGlobalSection
	GlobalSection(ProjectConfigurationPlatforms) = postSolution
		{AFF319F3-32E1-4636-865E-F43AC339219E}.Debug|Any CPU.ActiveCfg = Debug|Any CPU
		{AFF319F3-32E1-4636-865E-F43AC339219E}.Debug|Any CPU.Build.0 = Debug|Any CPU
		{AFF319F3-32E1-4636-865E-F43AC339219E}.Release|Any CPU.ActiveCfg = Release|Any CPU
		{AFF319F3-32E1-4636-865E-F43AC339219E}.Release|Any CPU.Build.0 = Release|Any CPU
		{6F3E2B99-20AA-4185-BEDB-37AA838244D2}.Debug|Any CPU.ActiveCfg = Debug|Any CPU
		{6F3E2B99-20AA-4185-BEDB-37AA838244D2}.Debug|Any CPU.Build.0 = Debug|Any CPU
		{6F3E2B99-20AA-4185-BEDB-37AA838244D2}.Release|Any CPU.ActiveCfg = Release|Any CPU
		{6F3E2B99-20AA-4185-BEDB-37AA838244D2}.Release|Any CPU.Build.0 = Release|Any CPU
		{E20FBC08-C9C1-40E1-96B5-020115A06E52}.Debug|Any CPU.ActiveCfg = Debug|Any CPU
		{E20FBC08-C9C1-40E1-96B5-020115A06E52}.Debug|Any CPU.Build.0 = Debug|Any CPU
		{E20FBC08-C9C1-40E1-96B5-020115A06E52}.Release|Any CPU.ActiveCfg = Release|Any CPU
		{E20FBC08-C9C1-40E1-96B5-020115A06E52}.Release|Any CPU.Build.0 = Release|Any CPU
		{C112CD31-5FD7-4E45-AD5F-DFC2E357FB9E}.Debug|Any CPU.ActiveCfg = Debug|Any CPU
		{C112CD31-5FD7-4E45-AD5F-DFC2E357FB9E}.Debug|Any CPU.Build.0 = Debug|Any CPU
		{C112CD31-5FD7-4E45-AD5F-DFC2E357FB9E}.Release|Any CPU.ActiveCfg = Release|Any CPU
		{C112CD31-5FD7-4E45-AD5F-DFC2E357FB9E}.Release|Any CPU.Build.0 = Release|Any CPU
		{055D9499-2AE0-4C6D-B6C6-A79DF8112E74}.Debug|Any CPU.ActiveCfg = Debug|Any CPU
		{055D9499-2AE0-4C6D-B6C6-A79DF8112E74}.Debug|Any CPU.Build.0 = Debug|Any CPU
		{055D9499-2AE0-4C6D-B6C6-A79DF8112E74}.Release|Any CPU.ActiveCfg = Release|Any CPU
		{055D9499-2AE0-4C6D-B6C6-A79DF8112E74}.Release|Any CPU.Build.0 = Release|Any CPU
		{210A1E95-A8F3-4DE2-84D4-4950C9ECAE5B}.Debug|Any CPU.ActiveCfg = Debug|Any CPU
		{210A1E95-A8F3-4DE2-84D4-4950C9ECAE5B}.Debug|Any CPU.Build.0 = Debug|Any CPU
		{210A1E95-A8F3-4DE2-84D4-4950C9ECAE5B}.Release|Any CPU.ActiveCfg = Release|Any CPU
		{210A1E95-A8F3-4DE2-84D4-4950C9ECAE5B}.Release|Any CPU.Build.0 = Release|Any CPU
		{BF7C8403-1538-454B-92F3-8E53E90245F7}.Debug|Any CPU.ActiveCfg = Debug|Any CPU
		{BF7C8403-1538-454B-92F3-8E53E90245F7}.Debug|Any CPU.Build.0 = Debug|Any CPU
		{BF7C8403-1538-454B-92F3-8E53E90245F7}.Release|Any CPU.ActiveCfg = Release|Any CPU
		{BF7C8403-1538-454B-92F3-8E53E90245F7}.Release|Any CPU.Build.0 = Release|Any CPU
		{1AA7279F-AFBF-4197-AE1A-F47A7F40AFFE}.Debug|Any CPU.ActiveCfg = Debug|Any CPU
		{1AA7279F-AFBF-4197-AE1A-F47A7F40AFFE}.Debug|Any CPU.Build.0 = Debug|Any CPU
		{1AA7279F-AFBF-4197-AE1A-F47A7F40AFFE}.Release|Any CPU.ActiveCfg = Release|Any CPU
		{1AA7279F-AFBF-4197-AE1A-F47A7F40AFFE}.Release|Any CPU.Build.0 = Release|Any CPU
	EndGlobalSection
	GlobalSection(SolutionProperties) = preSolution
		HideSolutionNode = FALSE
	EndGlobalSection
	GlobalSection(NestedProjects) = preSolution
		{AFF319F3-32E1-4636-865E-F43AC339219E} = {1DFE55F1-29A8-4A37-9B52-9CC5545C6512}
		{E20FBC08-C9C1-40E1-96B5-020115A06E52} = {1DFE55F1-29A8-4A37-9B52-9CC5545C6512}
		{C112CD31-5FD7-4E45-AD5F-DFC2E357FB9E} = {1DFE55F1-29A8-4A37-9B52-9CC5545C6512}
		{055D9499-2AE0-4C6D-B6C6-A79DF8112E74} = {07AD01A1-A10F-4040-AA31-6D756EF149E1}
		{210A1E95-A8F3-4DE2-84D4-4950C9ECAE5B} = {DADD99B1-DA69-4003-BD72-2EA866FCD344}
		{BF7C8403-1538-454B-92F3-8E53E90245F7} = {07AD01A1-A10F-4040-AA31-6D756EF149E1}
		{1AA7279F-AFBF-4197-AE1A-F47A7F40AFFE} = {A1CFB51A-5183-4CF8-9132-150F86A8C2A6}
	EndGlobalSection
	GlobalSection(ExtensibilityGlobals) = postSolution
		SolutionGuid = {2A89013D-0D79-4FA5-A6B7-06E79F20A905}
	EndGlobalSection
EndGlobal
